// !$*UTF8*$!
{
	archiveVersion = 1;
	classes = {
	};
	objectVersion = 46;
	objects = {

/* Begin PBXBuildFile section */
		EF85C3511D4F806800C90AF2 /* AppDelegate.swift in Sources */ = {isa = PBXBuildFile; fileRef = EF85C3501D4F806800C90AF2 /* AppDelegate.swift */; };
		EF85C3531D4F806800C90AF2 /* TableViewVC.swift in Sources */ = {isa = PBXBuildFile; fileRef = EF85C3521D4F806800C90AF2 /* TableViewVC.swift */; };
		EF85C3561D4F806800C90AF2 /* Main.storyboard in Resources */ = {isa = PBXBuildFile; fileRef = EF85C3541D4F806800C90AF2 /* Main.storyboard */; };
		EF85C3581D4F806800C90AF2 /* Assets.xcassets in Resources */ = {isa = PBXBuildFile; fileRef = EF85C3571D4F806800C90AF2 /* Assets.xcassets */; };
		EF85C35B1D4F806800C90AF2 /* LaunchScreen.storyboard in Resources */ = {isa = PBXBuildFile; fileRef = EF85C3591D4F806800C90AF2 /* LaunchScreen.storyboard */; };
		EF85C3661D4F806800C90AF2 /* PullToRefreshSampleSwiftTests.swift in Sources */ = {isa = PBXBuildFile; fileRef = EF85C3651D4F806800C90AF2 /* PullToRefreshSampleSwiftTests.swift */; };
		EF85C3711D4F806800C90AF2 /* PullToRefreshSampleSwiftUITests.swift in Sources */ = {isa = PBXBuildFile; fileRef = EF85C3701D4F806800C90AF2 /* PullToRefreshSampleSwiftUITests.swift */; };
		EF85C37F1D4F8ACA00C90AF2 /* UIViewVC.swift in Sources */ = {isa = PBXBuildFile; fileRef = EF85C37E1D4F8ACA00C90AF2 /* UIViewVC.swift */; };
/* End PBXBuildFile section */

/* Begin PBXContainerItemProxy section */
		EF85C3621D4F806800C90AF2 /* PBXContainerItemProxy */ = {
			isa = PBXContainerItemProxy;
			containerPortal = EF85C3451D4F806700C90AF2 /* Project object */;
			proxyType = 1;
			remoteGlobalIDString = EF85C34C1D4F806700C90AF2;
			remoteInfo = PullToRefreshSampleSwift;
		};
		EF85C36D1D4F806800C90AF2 /* PBXContainerItemProxy */ = {
			isa = PBXContainerItemProxy;
			containerPortal = EF85C3451D4F806700C90AF2 /* Project object */;
			proxyType = 1;
			remoteGlobalIDString = EF85C34C1D4F806700C90AF2;
			remoteInfo = PullToRefreshSampleSwift;
		};
/* End PBXContainerItemProxy section */

/* Begin PBXFileReference section */
		EF85C34D1D4F806700C90AF2 /* PullToRefreshSampleSwift.app */ = {isa = PBXFileReference; explicitFileType = wrapper.application; includeInIndex = 0; path = PullToRefreshSampleSwift.app; sourceTree = BUILT_PRODUCTS_DIR; };
		EF85C3501D4F806800C90AF2 /* AppDelegate.swift */ = {isa = PBXFileReference; lastKnownFileType = sourcecode.swift; path = AppDelegate.swift; sourceTree = "<group>"; };
		EF85C3521D4F806800C90AF2 /* TableViewVC.swift */ = {isa = PBXFileReference; lastKnownFileType = sourcecode.swift; path = TableViewVC.swift; sourceTree = "<group>"; };
		EF85C3551D4F806800C90AF2 /* Base */ = {isa = PBXFileReference; lastKnownFileType = file.storyboard; name = Base; path = Base.lproj/Main.storyboard; sourceTree = "<group>"; };
		EF85C3571D4F806800C90AF2 /* Assets.xcassets */ = {isa = PBXFileReference; lastKnownFileType = folder.assetcatalog; path = Assets.xcassets; sourceTree = "<group>"; };
		EF85C35A1D4F806800C90AF2 /* Base */ = {isa = PBXFileReference; lastKnownFileType = file.storyboard; name = Base; path = Base.lproj/LaunchScreen.storyboard; sourceTree = "<group>"; };
		EF85C35C1D4F806800C90AF2 /* Info.plist */ = {isa = PBXFileReference; lastKnownFileType = text.plist.xml; path = Info.plist; sourceTree = "<group>"; };
		EF85C3611D4F806800C90AF2 /* PullToRefreshSampleSwiftTests.xctest */ = {isa = PBXFileReference; explicitFileType = wrapper.cfbundle; includeInIndex = 0; path = PullToRefreshSampleSwiftTests.xctest; sourceTree = BUILT_PRODUCTS_DIR; };
		EF85C3651D4F806800C90AF2 /* PullToRefreshSampleSwiftTests.swift */ = {isa = PBXFileReference; lastKnownFileType = sourcecode.swift; path = PullToRefreshSampleSwiftTests.swift; sourceTree = "<group>"; };
		EF85C3671D4F806800C90AF2 /* Info.plist */ = {isa = PBXFileReference; lastKnownFileType = text.plist.xml; path = Info.plist; sourceTree = "<group>"; };
		EF85C36C1D4F806800C90AF2 /* PullToRefreshSampleSwiftUITests.xctest */ = {isa = PBXFileReference; explicitFileType = wrapper.cfbundle; includeInIndex = 0; path = PullToRefreshSampleSwiftUITests.xctest; sourceTree = BUILT_PRODUCTS_DIR; };
		EF85C3701D4F806800C90AF2 /* PullToRefreshSampleSwiftUITests.swift */ = {isa = PBXFileReference; lastKnownFileType = sourcecode.swift; path = PullToRefreshSampleSwiftUITests.swift; sourceTree = "<group>"; };
		EF85C3721D4F806800C90AF2 /* Info.plist */ = {isa = PBXFileReference; lastKnownFileType = text.plist.xml; path = Info.plist; sourceTree = "<group>"; };
		EF85C37E1D4F8ACA00C90AF2 /* UIViewVC.swift */ = {isa = PBXFileReference; fileEncoding = 4; lastKnownFileType = sourcecode.swift; path = UIViewVC.swift; sourceTree = "<group>"; };
/* End PBXFileReference section */

/* Begin PBXFrameworksBuildPhase section */
		EF85C34A1D4F806700C90AF2 /* Frameworks */ = {
			isa = PBXFrameworksBuildPhase;
			buildActionMask = 2147483647;
			files = (
			);
			runOnlyForDeploymentPostprocessing = 0;
		};
		EF85C35E1D4F806800C90AF2 /* Frameworks */ = {
			isa = PBXFrameworksBuildPhase;
			buildActionMask = 2147483647;
			files = (
			);
			runOnlyForDeploymentPostprocessing = 0;
		};
		EF85C3691D4F806800C90AF2 /* Frameworks */ = {
			isa = PBXFrameworksBuildPhase;
			buildActionMask = 2147483647;
			files = (
			);
			runOnlyForDeploymentPostprocessing = 0;
		};
/* End PBXFrameworksBuildPhase section */

/* Begin PBXGroup section */
		EF85C3441D4F806700C90AF2 = {
			isa = PBXGroup;
			children = (
				EF85C34F1D4F806800C90AF2 /* PullToRefreshSampleSwift */,
				EF85C3641D4F806800C90AF2 /* PullToRefreshSampleSwiftTests */,
				EF85C36F1D4F806800C90AF2 /* PullToRefreshSampleSwiftUITests */,
				EF85C34E1D4F806700C90AF2 /* Products */,
			);
			sourceTree = "<group>";
		};
		EF85C34E1D4F806700C90AF2 /* Products */ = {
			isa = PBXGroup;
			children = (
				EF85C34D1D4F806700C90AF2 /* PullToRefreshSampleSwift.app */,
				EF85C3611D4F806800C90AF2 /* PullToRefreshSampleSwiftTests.xctest */,
				EF85C36C1D4F806800C90AF2 /* PullToRefreshSampleSwiftUITests.xctest */,
			);
			name = Products;
			sourceTree = "<group>";
		};
		EF85C34F1D4F806800C90AF2 /* PullToRefreshSampleSwift */ = {
			isa = PBXGroup;
			children = (
				EF85C3811D4F902700C90AF2 /* Controller */,
				EF85C3801D4F901C00C90AF2 /* View */,
				EF85C3571D4F806800C90AF2 /* Assets.xcassets */,
				EF85C35C1D4F806800C90AF2 /* Info.plist */,
			);
			path = PullToRefreshSampleSwift;
			sourceTree = "<group>";
		};
		EF85C3641D4F806800C90AF2 /* PullToRefreshSampleSwiftTests */ = {
			isa = PBXGroup;
			children = (
				EF85C3651D4F806800C90AF2 /* PullToRefreshSampleSwiftTests.swift */,
				EF85C3671D4F806800C90AF2 /* Info.plist */,
			);
			path = PullToRefreshSampleSwiftTests;
			sourceTree = "<group>";
		};
		EF85C36F1D4F806800C90AF2 /* PullToRefreshSampleSwiftUITests */ = {
			isa = PBXGroup;
			children = (
				EF85C3701D4F806800C90AF2 /* PullToRefreshSampleSwiftUITests.swift */,
				EF85C3721D4F806800C90AF2 /* Info.plist */,
			);
			path = PullToRefreshSampleSwiftUITests;
			sourceTree = "<group>";
		};
		EF85C3801D4F901C00C90AF2 /* View */ = {
			isa = PBXGroup;
			children = (
				EF85C3541D4F806800C90AF2 /* Main.storyboard */,
				EF85C3591D4F806800C90AF2 /* LaunchScreen.storyboard */,
			);
			name = View;
			sourceTree = "<group>";
		};
		EF85C3811D4F902700C90AF2 /* Controller */ = {
			isa = PBXGroup;
			children = (
				EF85C3501D4F806800C90AF2 /* AppDelegate.swift */,
				EF85C3521D4F806800C90AF2 /* TableViewVC.swift */,
				EF85C37E1D4F8ACA00C90AF2 /* UIViewVC.swift */,
			);
			name = Controller;
			sourceTree = "<group>";
		};
/* End PBXGroup section */

/* Begin PBXNativeTarget section */
		EF85C34C1D4F806700C90AF2 /* PullToRefreshSampleSwift */ = {
			isa = PBXNativeTarget;
			buildConfigurationList = EF85C3751D4F806800C90AF2 /* Build configuration list for PBXNativeTarget "PullToRefreshSampleSwift" */;
			buildPhases = (
				EF85C3491D4F806700C90AF2 /* Sources */,
				EF85C34A1D4F806700C90AF2 /* Frameworks */,
				EF85C34B1D4F806700C90AF2 /* Resources */,
			);
			buildRules = (
			);
			dependencies = (
			);
			name = PullToRefreshSampleSwift;
			productName = PullToRefreshSampleSwift;
			productReference = EF85C34D1D4F806700C90AF2 /* PullToRefreshSampleSwift.app */;
			productType = "com.apple.product-type.application";
		};
		EF85C3601D4F806800C90AF2 /* PullToRefreshSampleSwiftTests */ = {
			isa = PBXNativeTarget;
			buildConfigurationList = EF85C3781D4F806800C90AF2 /* Build configuration list for PBXNativeTarget "PullToRefreshSampleSwiftTests" */;
			buildPhases = (
				EF85C35D1D4F806800C90AF2 /* Sources */,
				EF85C35E1D4F806800C90AF2 /* Frameworks */,
				EF85C35F1D4F806800C90AF2 /* Resources */,
			);
			buildRules = (
			);
			dependencies = (
				EF85C3631D4F806800C90AF2 /* PBXTargetDependency */,
			);
			name = PullToRefreshSampleSwiftTests;
			productName = PullToRefreshSampleSwiftTests;
			productReference = EF85C3611D4F806800C90AF2 /* PullToRefreshSampleSwiftTests.xctest */;
			productType = "com.apple.product-type.bundle.unit-test";
		};
		EF85C36B1D4F806800C90AF2 /* PullToRefreshSampleSwiftUITests */ = {
			isa = PBXNativeTarget;
			buildConfigurationList = EF85C37B1D4F806800C90AF2 /* Build configuration list for PBXNativeTarget "PullToRefreshSampleSwiftUITests" */;
			buildPhases = (
				EF85C3681D4F806800C90AF2 /* Sources */,
				EF85C3691D4F806800C90AF2 /* Frameworks */,
				EF85C36A1D4F806800C90AF2 /* Resources */,
			);
			buildRules = (
			);
			dependencies = (
				EF85C36E1D4F806800C90AF2 /* PBXTargetDependency */,
			);
			name = PullToRefreshSampleSwiftUITests;
			productName = PullToRefreshSampleSwiftUITests;
			productReference = EF85C36C1D4F806800C90AF2 /* PullToRefreshSampleSwiftUITests.xctest */;
			productType = "com.apple.product-type.bundle.ui-testing";
		};
/* End PBXNativeTarget section */

/* Begin PBXProject section */
		EF85C3451D4F806700C90AF2 /* Project object */ = {
			isa = PBXProject;
			attributes = {
				LastSwiftUpdateCheck = 0730;
				LastUpgradeCheck = 0730;
				ORGANIZATIONNAME = "UGO MARINELLI";
				TargetAttributes = {
					EF85C34C1D4F806700C90AF2 = {
						CreatedOnToolsVersion = 7.3.1;
					};
					EF85C3601D4F806800C90AF2 = {
						CreatedOnToolsVersion = 7.3.1;
						TestTargetID = EF85C34C1D4F806700C90AF2;
					};
					EF85C36B1D4F806800C90AF2 = {
						CreatedOnToolsVersion = 7.3.1;
						TestTargetID = EF85C34C1D4F806700C90AF2;
					};
				};
			};
			buildConfigurationList = EF85C3481D4F806700C90AF2 /* Build configuration list for PBXProject "PullToRefreshSampleSwift" */;
			compatibilityVersion = "Xcode 3.2";
			developmentRegion = English;
			hasScannedForEncodings = 0;
			knownRegions = (
				en,
				Base,
			);
			mainGroup = EF85C3441D4F806700C90AF2;
			productRefGroup = EF85C34E1D4F806700C90AF2 /* Products */;
			projectDirPath = "";
			projectRoot = "";
			targets = (
				EF85C34C1D4F806700C90AF2 /* PullToRefreshSampleSwift */,
				EF85C3601D4F806800C90AF2 /* PullToRefreshSampleSwiftTests */,
				EF85C36B1D4F806800C90AF2 /* PullToRefreshSampleSwiftUITests */,
			);
		};
/* End PBXProject section */

/* Begin PBXResourcesBuildPhase section */
		EF85C34B1D4F806700C90AF2 /* Resources */ = {
			isa = PBXResourcesBuildPhase;
			buildActionMask = 2147483647;
			files = (
				EF85C35B1D4F806800C90AF2 /* LaunchScreen.storyboard in Resources */,
				EF85C3581D4F806800C90AF2 /* Assets.xcassets in Resources */,
				EF85C3561D4F806800C90AF2 /* Main.storyboard in Resources */,
			);
			runOnlyForDeploymentPostprocessing = 0;
		};
		EF85C35F1D4F806800C90AF2 /* Resources */ = {
			isa = PBXResourcesBuildPhase;
			buildActionMask = 2147483647;
			files = (
			);
			runOnlyForDeploymentPostprocessing = 0;
		};
		EF85C36A1D4F806800C90AF2 /* Resources */ = {
			isa = PBXResourcesBuildPhase;
			buildActionMask = 2147483647;
			files = (
			);
			runOnlyForDeploymentPostprocessing = 0;
		};
/* End PBXResourcesBuildPhase section */

/* Begin PBXSourcesBuildPhase section */
		EF85C3491D4F806700C90AF2 /* Sources */ = {
			isa = PBXSourcesBuildPhase;
			buildActionMask = 2147483647;
			files = (
				EF85C37F1D4F8ACA00C90AF2 /* UIViewVC.swift in Sources */,
				EF85C3531D4F806800C90AF2 /* TableViewVC.swift in Sources */,
				EF85C3511D4F806800C90AF2 /* AppDelegate.swift in Sources */,
			);
			runOnlyForDeploymentPostprocessing = 0;
		};
		EF85C35D1D4F806800C90AF2 /* Sources */ = {
			isa = PBXSourcesBuildPhase;
			buildActionMask = 2147483647;
			files = (
				EF85C3661D4F806800C90AF2 /* PullToRefreshSampleSwiftTests.swift in Sources */,
			);
			runOnlyForDeploymentPostprocessing = 0;
		};
		EF85C3681D4F806800C90AF2 /* Sources */ = {
			isa = PBXSourcesBuildPhase;
			buildActionMask = 2147483647;
			files = (
				EF85C3711D4F806800C90AF2 /* PullToRefreshSampleSwiftUITests.swift in Sources */,
			);
			runOnlyForDeploymentPostprocessing = 0;
		};
/* End PBXSourcesBuildPhase section */

/* Begin PBXTargetDependency section */
		EF85C3631D4F806800C90AF2 /* PBXTargetDependency */ = {
			isa = PBXTargetDependency;
			target = EF85C34C1D4F806700C90AF2 /* PullToRefreshSampleSwift */;
			targetProxy = EF85C3621D4F806800C90AF2 /* PBXContainerItemProxy */;
		};
		EF85C36E1D4F806800C90AF2 /* PBXTargetDependency */ = {
			isa = PBXTargetDependency;
			target = EF85C34C1D4F806700C90AF2 /* PullToRefreshSampleSwift */;
			targetProxy = EF85C36D1D4F806800C90AF2 /* PBXContainerItemProxy */;
		};
/* End PBXTargetDependency section */

/* Begin PBXVariantGroup section */
		EF85C3541D4F806800C90AF2 /* Main.storyboard */ = {
			isa = PBXVariantGroup;
			children = (
				EF85C3551D4F806800C90AF2 /* Base */,
			);
			name = Main.storyboard;
			sourceTree = "<group>";
		};
		EF85C3591D4F806800C90AF2 /* LaunchScreen.storyboard */ = {
			isa = PBXVariantGroup;
			children = (
				EF85C35A1D4F806800C90AF2 /* Base */,
			);
			name = LaunchScreen.storyboard;
			sourceTree = "<group>";
		};
/* End PBXVariantGroup section */

/* Begin XCBuildConfiguration section */
		EF85C3731D4F806800C90AF2 /* Debug */ = {
			isa = XCBuildConfiguration;
			buildSettings = {
				ALWAYS_SEARCH_USER_PATHS = NO;
				CLANG_ANALYZER_NONNULL = YES;
				CLANG_CXX_LANGUAGE_STANDARD = "gnu++0x";
				CLANG_CXX_LIBRARY = "libc++";
				CLANG_ENABLE_MODULES = YES;
				CLANG_ENABLE_OBJC_ARC = YES;
				CLANG_WARN_BOOL_CONVERSION = YES;
				CLANG_WARN_CONSTANT_CONVERSION = YES;
				CLANG_WARN_DIRECT_OBJC_ISA_USAGE = YES_ERROR;
				CLANG_WARN_EMPTY_BODY = YES;
				CLANG_WARN_ENUM_CONVERSION = YES;
				CLANG_WARN_INT_CONVERSION = YES;
				CLANG_WARN_OBJC_ROOT_CLASS = YES_ERROR;
				CLANG_WARN_UNREACHABLE_CODE = YES;
				CLANG_WARN__DUPLICATE_METHOD_MATCH = YES;
				"CODE_SIGN_IDENTITY[sdk=iphoneos*]" = "iPhone Developer";
				COPY_PHASE_STRIP = NO;
				DEBUG_INFORMATION_FORMAT = dwarf;
				ENABLE_STRICT_OBJC_MSGSEND = YES;
				ENABLE_TESTABILITY = YES;
				GCC_C_LANGUAGE_STANDARD = gnu99;
				GCC_DYNAMIC_NO_PIC = NO;
				GCC_NO_COMMON_BLOCKS = YES;
				GCC_OPTIMIZATION_LEVEL = 0;
				GCC_PREPROCESSOR_DEFINITIONS = (
					"DEBUG=1",
					"$(inherited)",
				);
				GCC_WARN_64_TO_32_BIT_CONVERSION = YES;
				GCC_WARN_ABOUT_RETURN_TYPE = YES_ERROR;
				GCC_WARN_UNDECLARED_SELECTOR = YES;
				GCC_WARN_UNINITIALIZED_AUTOS = YES_AGGRESSIVE;
				GCC_WARN_UNUSED_FUNCTION = YES;
				GCC_WARN_UNUSED_VARIABLE = YES;
				IPHONEOS_DEPLOYMENT_TARGET = 9.3;
				MTL_ENABLE_DEBUG_INFO = YES;
				ONLY_ACTIVE_ARCH = YES;
				SDKROOT = iphoneos;
				SWIFT_OPTIMIZATION_LEVEL = "-Onone";
			};
			name = Debug;
		};
		EF85C3741D4F806800C90AF2 /* Release */ = {
			isa = XCBuildConfiguration;
			buildSettings = {
				ALWAYS_SEARCH_USER_PATHS = NO;
				CLANG_ANALYZER_NONNULL = YES;
				CLANG_CXX_LANGUAGE_STANDARD = "gnu++0x";
				CLANG_CXX_LIBRARY = "libc++";
				CLANG_ENABLE_MODULES = YES;
				CLANG_ENABLE_OBJC_ARC = YES;
				CLANG_WARN_BOOL_CONVERSION = YES;
				CLANG_WARN_CONSTANT_CONVERSION = YES;
				CLANG_WARN_DIRECT_OBJC_ISA_USAGE = YES_ERROR;
				CLANG_WARN_EMPTY_BODY = YES;
				CLANG_WARN_ENUM_CONVERSION = YES;
				CLANG_WARN_INT_CONVERSION = YES;
				CLANG_WARN_OBJC_ROOT_CLASS = YES_ERROR;
				CLANG_WARN_UNREACHABLE_CODE = YES;
				CLANG_WARN__DUPLICATE_METHOD_MATCH = YES;
				"CODE_SIGN_IDENTITY[sdk=iphoneos*]" = "iPhone Developer";
				COPY_PHASE_STRIP = NO;
				DEBUG_INFORMATION_FORMAT = "dwarf-with-dsym";
				ENABLE_NS_ASSERTIONS = NO;
				ENABLE_STRICT_OBJC_MSGSEND = YES;
				GCC_C_LANGUAGE_STANDARD = gnu99;
				GCC_NO_COMMON_BLOCKS = YES;
				GCC_WARN_64_TO_32_BIT_CONVERSION = YES;
				GCC_WARN_ABOUT_RETURN_TYPE = YES_ERROR;
				GCC_WARN_UNDECLARED_SELECTOR = YES;
				GCC_WARN_UNINITIALIZED_AUTOS = YES_AGGRESSIVE;
				GCC_WARN_UNUSED_FUNCTION = YES;
				GCC_WARN_UNUSED_VARIABLE = YES;
				IPHONEOS_DEPLOYMENT_TARGET = 9.3;
				MTL_ENABLE_DEBUG_INFO = NO;
				SDKROOT = iphoneos;
				VALIDATE_PRODUCT = YES;
			};
			name = Release;
		};
		EF85C3761D4F806800C90AF2 /* Debug */ = {
			isa = XCBuildConfiguration;
			buildSettings = {
				ASSETCATALOG_COMPILER_APPICON_NAME = AppIcon;
				INFOPLIST_FILE = PullToRefreshSampleSwift/Info.plist;
				LD_RUNPATH_SEARCH_PATHS = "$(inherited) @executable_path/Frameworks";
				PRODUCT_BUNDLE_IDENTIFIER = com.iX.pullToRefresh.PullToRefreshSampleSwift;
				PRODUCT_NAME = "$(TARGET_NAME)";
				SWIFT_VERSION = 3.0;
			};
			name = Debug;
		};
		EF85C3771D4F806800C90AF2 /* Release */ = {
			isa = XCBuildConfiguration;
			buildSettings = {
				ASSETCATALOG_COMPILER_APPICON_NAME = AppIcon;
				INFOPLIST_FILE = PullToRefreshSampleSwift/Info.plist;
				LD_RUNPATH_SEARCH_PATHS = "$(inherited) @executable_path/Frameworks";
				PRODUCT_BUNDLE_IDENTIFIER = com.iX.pullToRefresh.PullToRefreshSampleSwift;
				PRODUCT_NAME = "$(TARGET_NAME)";
				SWIFT_VERSION = 3.0;
			};
			name = Release;
		};
		EF85C3791D4F806800C90AF2 /* Debug */ = {
			isa = XCBuildConfiguration;
			buildSettings = {
				BUNDLE_LOADER = "$(TEST_HOST)";
				INFOPLIST_FILE = PullToRefreshSampleSwiftTests/Info.plist;
				LD_RUNPATH_SEARCH_PATHS = "$(inherited) @executable_path/Frameworks @loader_path/Frameworks";
				PRODUCT_BUNDLE_IDENTIFIER = com.iX.pullToRefresh.PullToRefreshSampleSwiftTests;
				PRODUCT_NAME = "$(TARGET_NAME)";
				TEST_HOST = "$(BUILT_PRODUCTS_DIR)/PullToRefreshSampleSwift.app/PullToRefreshSampleSwift";
			};
			name = Debug;
		};
		EF85C37A1D4F806800C90AF2 /* Release */ = {
			isa = XCBuildConfiguration;
			buildSettings = {
				BUNDLE_LOADER = "$(TEST_HOST)";
				INFOPLIST_FILE = PullToRefreshSampleSwiftTests/Info.plist;
				LD_RUNPATH_SEARCH_PATHS = "$(inherited) @executable_path/Frameworks @loader_path/Frameworks";
				PRODUCT_BUNDLE_IDENTIFIER = com.iX.pullToRefresh.PullToRefreshSampleSwiftTests;
				PRODUCT_NAME = "$(TARGET_NAME)";
				TEST_HOST = "$(BUILT_PRODUCTS_DIR)/PullToRefreshSampleSwift.app/PullToRefreshSampleSwift";
			};
			name = Release;
		};
		EF85C37C1D4F806800C90AF2 /* Debug */ = {
			isa = XCBuildConfiguration;
			buildSettings = {
				INFOPLIST_FILE = PullToRefreshSampleSwiftUITests/Info.plist;
				LD_RUNPATH_SEARCH_PATHS = "$(inherited) @executable_path/Frameworks @loader_path/Frameworks";
				PRODUCT_BUNDLE_IDENTIFIER = com.iX.pullToRefresh.PullToRefreshSampleSwiftUITests;
				PRODUCT_NAME = "$(TARGET_NAME)";
				TEST_TARGET_NAME = PullToRefreshSampleSwift;
			};
			name = Debug;
		};
		EF85C37D1D4F806800C90AF2 /* Release */ = {
			isa = XCBuildConfiguration;
			buildSettings = {
				INFOPLIST_FILE = PullToRefreshSampleSwiftUITests/Info.plist;
				LD_RUNPATH_SEARCH_PATHS = "$(inherited) @executable_path/Frameworks @loader_path/Frameworks";
				PRODUCT_BUNDLE_IDENTIFIER = com.iX.pullToRefresh.PullToRefreshSampleSwiftUITests;
				PRODUCT_NAME = "$(TARGET_NAME)";
				TEST_TARGET_NAME = PullToRefreshSampleSwift;
			};
			name = Release;
		};
/* End XCBuildConfiguration section */

/* Begin XCConfigurationList section */
		EF85C3481D4F806700C90AF2 /* Build configuration list for PBXProject "PullToRefreshSampleSwift" */ = {
			isa = XCConfigurationList;
			buildConfigurations = (
				EF85C3731D4F806800C90AF2 /* Debug */,
				EF85C3741D4F806800C90AF2 /* Release */,
			);
			defaultConfigurationIsVisible = 0;
			defaultConfigurationName = Release;
		};
		EF85C3751D4F806800C90AF2 /* Build configuration list for PBXNativeTarget "PullToRefreshSampleSwift" */ = {
			isa = XCConfigurationList;
			buildConfigurations = (
				EF85C3761D4F806800C90AF2 /* Debug */,
				EF85C3771D4F806800C90AF2 /* Release */,
			);
			defaultConfigurationIsVisible = 0;
			defaultConfigurationName = Release;
		};
		EF85C3781D4F806800C90AF2 /* Build configuration list for PBXNativeTarget "PullToRefreshSampleSwiftTests" */ = {
			isa = XCConfigurationList;
			buildConfigurations = (
				EF85C3791D4F806800C90AF2 /* Debug */,
				EF85C37A1D4F806800C90AF2 /* Release */,
			);
			defaultConfigurationIsVisible = 0;
			defaultConfigurationName = Release;
		};
		EF85C37B1D4F806800C90AF2 /* Build configuration list for PBXNativeTarget "PullToRefreshSampleSwiftUITests" */ = {
			isa = XCConfigurationList;
			buildConfigurations = (
				EF85C37C1D4F806800C90AF2 /* Debug */,
				EF85C37D1D4F806800C90AF2 /* Release */,
			);
			defaultConfigurationIsVisible = 0;
			defaultConfigurationName = Release;
		};
/* End XCConfigurationList section */
	};
	rootObject = EF85C3451D4F806700C90AF2 /* Project object */;
}
